// !$*UTF8*$!
{
	archiveVersion = 1;
	classes = {
	};
	objectVersion = 46;
	objects = {

/* Begin PBXBuildFile section */
		133F2A741C2CD68F0046E4BA /* QRcodeTests.m in Sources */ = {isa = PBXBuildFile; fileRef = 133F2A731C2CD68F0046E4BA /* QRcodeTests.m */; };
		133F2A7F1C2CD6900046E4BA /* QRcodeUITests.m in Sources */ = {isa = PBXBuildFile; fileRef = 133F2A7E1C2CD6900046E4BA /* QRcodeUITests.m */; };
		561CDFDE20A42E6B008E7884 /* ViewController.m in Sources */ = {isa = PBXBuildFile; fileRef = 561CDFDB20A42E6B008E7884 /* ViewController.m */; };
		561CDFDF20A42E6B008E7884 /* AppDelegate.m in Sources */ = {isa = PBXBuildFile; fileRef = 561CDFDC20A42E6B008E7884 /* AppDelegate.m */; };
		561CDFE820A42EC4008E7884 /* Assets.xcassets in Resources */ = {isa = PBXBuildFile; fileRef = 561CDFE120A42EC4008E7884 /* Assets.xcassets */; };
		561CDFE920A42EC4008E7884 /* LaunchScreen.storyboard in Resources */ = {isa = PBXBuildFile; fileRef = 561CDFE220A42EC4008E7884 /* LaunchScreen.storyboard */; };
		561CDFEA20A42EC4008E7884 /* Main.storyboard in Resources */ = {isa = PBXBuildFile; fileRef = 561CDFE420A42EC4008E7884 /* Main.storyboard */; };
		561CDFEB20A42EC4008E7884 /* main.m in Sources */ = {isa = PBXBuildFile; fileRef = 561CDFE620A42EC4008E7884 /* main.m */; };
		561CDFEC20A42EC4008E7884 /* Info.plist in Resources */ = {isa = PBXBuildFile; fileRef = 561CDFE720A42EC4008E7884 /* Info.plist */; };
		561CE00820A42F1D008E7884 /* QRCodeGenerator.m in Sources */ = {isa = PBXBuildFile; fileRef = 561CDFEF20A42F1D008E7884 /* QRCodeGenerator.m */; };
		561CE00920A42F1D008E7884 /* gkhPickerImage.m in Sources */ = {isa = PBXBuildFile; fileRef = 561CDFF120A42F1D008E7884 /* gkhPickerImage.m */; };
		561CE00A20A42F1D008E7884 /* bitstream.c in Sources */ = {isa = PBXBuildFile; fileRef = 561CDFF520A42F1D008E7884 /* bitstream.c */; };
		561CE00B20A42F1D008E7884 /* qrencode.c in Sources */ = {isa = PBXBuildFile; fileRef = 561CDFF620A42F1D008E7884 /* qrencode.c */; };
		561CE00C20A42F1D008E7884 /* split.c in Sources */ = {isa = PBXBuildFile; fileRef = 561CDFF820A42F1D008E7884 /* split.c */; };
		561CE00D20A42F1D008E7884 /* qrinput.c in Sources */ = {isa = PBXBuildFile; fileRef = 561CDFFA20A42F1D008E7884 /* qrinput.c */; };
		561CE00E20A42F1D008E7884 /* mask.c in Sources */ = {isa = PBXBuildFile; fileRef = 561CDFFC20A42F1D008E7884 /* mask.c */; };
		561CE00F20A42F1D008E7884 /* qrspec.c in Sources */ = {isa = PBXBuildFile; fileRef = 561CDFFD20A42F1D008E7884 /* qrspec.c */; };
		561CE01020A42F1D008E7884 /* rscode.c in Sources */ = {isa = PBXBuildFile; fileRef = 561CE00020A42F1D008E7884 /* rscode.c */; };
		561CE01120A42F1D008E7884 /* GKHScanQCodeViewController.m in Sources */ = {isa = PBXBuildFile; fileRef = 561CE00420A42F1D008E7884 /* GKHScanQCodeViewController.m */; };
		561CE01220A42F1D008E7884 /* QRcodeSource.bundle in Resources */ = {isa = PBXBuildFile; fileRef = 561CE00520A42F1D008E7884 /* QRcodeSource.bundle */; };
		561CE01320A42F1D008E7884 /* QRCodeReaderView.m in Sources */ = {isa = PBXBuildFile; fileRef = 561CE00620A42F1D008E7884 /* QRCodeReaderView.m */; };
/* End PBXBuildFile section */

/* Begin PBXContainerItemProxy section */
		133F2A701C2CD68F0046E4BA /* PBXContainerItemProxy */ = {
			isa = PBXContainerItemProxy;
			containerPortal = 133F2A4E1C2CD68F0046E4BA /* Project object */;
			proxyType = 1;
			remoteGlobalIDString = 133F2A551C2CD68F0046E4BA;
			remoteInfo = QRcode;
		};
		133F2A7B1C2CD6900046E4BA /* PBXContainerItemProxy */ = {
			isa = PBXContainerItemProxy;
			containerPortal = 133F2A4E1C2CD68F0046E4BA /* Project object */;
			proxyType = 1;
			remoteGlobalIDString = 133F2A551C2CD68F0046E4BA;
			remoteInfo = QRcode;
		};
/* End PBXContainerItemProxy section */

/* Begin PBXFileReference section */
		133F2A561C2CD68F0046E4BA /* QRcode.app */ = {isa = PBXFileReference; explicitFileType = wrapper.application; includeInIndex = 0; path = QRcode.app; sourceTree = BUILT_PRODUCTS_DIR; };
		133F2A6F1C2CD68F0046E4BA /* QRcodeTests.xctest */ = {isa = PBXFileReference; explicitFileType = wrapper.cfbundle; includeInIndex = 0; path = QRcodeTests.xctest; sourceTree = BUILT_PRODUCTS_DIR; };
		133F2A731C2CD68F0046E4BA /* QRcodeTests.m */ = {isa = PBXFileReference; lastKnownFileType = sourcecode.c.objc; path = QRcodeTests.m; sourceTree = "<group>"; };
		133F2A751C2CD68F0046E4BA /* Info.plist */ = {isa = PBXFileReference; lastKnownFileType = text.plist.xml; path = Info.plist; sourceTree = "<group>"; };
		133F2A7A1C2CD6900046E4BA /* QRcodeUITests.xctest */ = {isa = PBXFileReference; explicitFileType = wrapper.cfbundle; includeInIndex = 0; path = QRcodeUITests.xctest; sourceTree = BUILT_PRODUCTS_DIR; };
		133F2A7E1C2CD6900046E4BA /* QRcodeUITests.m */ = {isa = PBXFileReference; lastKnownFileType = sourcecode.c.objc; path = QRcodeUITests.m; sourceTree = "<group>"; };
		133F2A801C2CD6900046E4BA /* Info.plist */ = {isa = PBXFileReference; lastKnownFileType = text.plist.xml; path = Info.plist; sourceTree = "<group>"; };
		561CDFDA20A42E6B008E7884 /* AppDelegate.h */ = {isa = PBXFileReference; fileEncoding = 4; lastKnownFileType = sourcecode.c.h; path = AppDelegate.h; sourceTree = "<group>"; };
		561CDFDB20A42E6B008E7884 /* ViewController.m */ = {isa = PBXFileReference; fileEncoding = 4; lastKnownFileType = sourcecode.c.objc; path = ViewController.m; sourceTree = "<group>"; };
		561CDFDC20A42E6B008E7884 /* AppDelegate.m */ = {isa = PBXFileReference; fileEncoding = 4; lastKnownFileType = sourcecode.c.objc; path = AppDelegate.m; sourceTree = "<group>"; };
		561CDFDD20A42E6B008E7884 /* ViewController.h */ = {isa = PBXFileReference; fileEncoding = 4; lastKnownFileType = sourcecode.c.h; path = ViewController.h; sourceTree = "<group>"; };
		561CDFE120A42EC4008E7884 /* Assets.xcassets */ = {isa = PBXFileReference; lastKnownFileType = folder.assetcatalog; path = Assets.xcassets; sourceTree = "<group>"; };
		561CDFE320A42EC4008E7884 /* Base */ = {isa = PBXFileReference; lastKnownFileType = file.storyboard; name = Base; path = Base.lproj/LaunchScreen.storyboard; sourceTree = "<group>"; };
		561CDFE520A42EC4008E7884 /* Base */ = {isa = PBXFileReference; lastKnownFileType = file.storyboard; name = Base; path = Base.lproj/Main.storyboard; sourceTree = "<group>"; };
		561CDFE620A42EC4008E7884 /* main.m */ = {isa = PBXFileReference; fileEncoding = 4; lastKnownFileType = sourcecode.c.objc; path = main.m; sourceTree = "<group>"; };
		561CDFE720A42EC4008E7884 /* Info.plist */ = {isa = PBXFileReference; fileEncoding = 4; lastKnownFileType = text.plist.xml; path = Info.plist; sourceTree = "<group>"; };
		561CDFEF20A42F1D008E7884 /* QRCodeGenerator.m */ = {isa = PBXFileReference; fileEncoding = 4; lastKnownFileType = sourcecode.c.objc; path = QRCodeGenerator.m; sourceTree = "<group>"; };
		561CDFF020A42F1D008E7884 /* QRCodeGenerator.h */ = {isa = PBXFileReference; fileEncoding = 4; lastKnownFileType = sourcecode.c.h; path = QRCodeGenerator.h; sourceTree = "<group>"; };
		561CDFF120A42F1D008E7884 /* gkhPickerImage.m */ = {isa = PBXFileReference; fileEncoding = 4; lastKnownFileType = sourcecode.c.objc; path = gkhPickerImage.m; sourceTree = "<group>"; };
		561CDFF320A42F1D008E7884 /* mask.h */ = {isa = PBXFileReference; fileEncoding = 4; lastKnownFileType = sourcecode.c.h; path = mask.h; sourceTree = "<group>"; };
		561CDFF420A42F1D008E7884 /* qrinput.h */ = {isa = PBXFileReference; fileEncoding = 4; lastKnownFileType = sourcecode.c.h; path = qrinput.h; sourceTree = "<group>"; };
		561CDFF520A42F1D008E7884 /* bitstream.c */ = {isa = PBXFileReference; fileEncoding = 4; lastKnownFileType = sourcecode.c.c; path = bitstream.c; sourceTree = "<group>"; };
		561CDFF620A42F1D008E7884 /* qrencode.c */ = {isa = PBXFileReference; fileEncoding = 4; lastKnownFileType = sourcecode.c.c; path = qrencode.c; sourceTree = "<group>"; };
		561CDFF720A42F1D008E7884 /* qrspec.h */ = {isa = PBXFileReference; fileEncoding = 4; lastKnownFileType = sourcecode.c.h; path = qrspec.h; sourceTree = "<group>"; };
		561CDFF820A42F1D008E7884 /* split.c */ = {isa = PBXFileReference; fileEncoding = 4; lastKnownFileType = sourcecode.c.c; path = split.c; sourceTree = "<group>"; };
		561CDFF920A42F1D008E7884 /* rscode.h */ = {isa = PBXFileReference; fileEncoding = 4; lastKnownFileType = sourcecode.c.h; path = rscode.h; sourceTree = "<group>"; };
		561CDFFA20A42F1D008E7884 /* qrinput.c */ = {isa = PBXFileReference; fileEncoding = 4; lastKnownFileType = sourcecode.c.c; path = qrinput.c; sourceTree = "<group>"; };
		561CDFFB20A42F1D008E7884 /* bitstream.h */ = {isa = PBXFileReference; fileEncoding = 4; lastKnownFileType = sourcecode.c.h; path = bitstream.h; sourceTree = "<group>"; };
		561CDFFC20A42F1D008E7884 /* mask.c */ = {isa = PBXFileReference; fileEncoding = 4; lastKnownFileType = sourcecode.c.c; path = mask.c; sourceTree = "<group>"; };
		561CDFFD20A42F1D008E7884 /* qrspec.c */ = {isa = PBXFileReference; fileEncoding = 4; lastKnownFileType = sourcecode.c.c; path = qrspec.c; sourceTree = "<group>"; };
		561CDFFE20A42F1D008E7884 /* qrencode.h */ = {isa = PBXFileReference; fileEncoding = 4; lastKnownFileType = sourcecode.c.h; path = qrencode.h; sourceTree = "<group>"; };
		561CDFFF20A42F1D008E7884 /* split.h */ = {isa = PBXFileReference; fileEncoding = 4; lastKnownFileType = sourcecode.c.h; path = split.h; sourceTree = "<group>"; };
		561CE00020A42F1D008E7884 /* rscode.c */ = {isa = PBXFileReference; fileEncoding = 4; lastKnownFileType = sourcecode.c.c; path = rscode.c; sourceTree = "<group>"; };
		561CE00120A42F1D008E7884 /* gkhPickerImage.h */ = {isa = PBXFileReference; fileEncoding = 4; lastKnownFileType = sourcecode.c.h; path = gkhPickerImage.h; sourceTree = "<group>"; };
		561CE00320A42F1D008E7884 /* QRCodeReaderView.h */ = {isa = PBXFileReference; fileEncoding = 4; lastKnownFileType = sourcecode.c.h; path = QRCodeReaderView.h; sourceTree = "<group>"; };
		561CE00420A42F1D008E7884 /* GKHScanQCodeViewController.m */ = {isa = PBXFileReference; fileEncoding = 4; lastKnownFileType = sourcecode.c.objc; path = GKHScanQCodeViewController.m; sourceTree = "<group>"; };
		561CE00520A42F1D008E7884 /* QRcodeSource.bundle */ = {isa = PBXFileReference; lastKnownFileType = "wrapper.plug-in"; path = QRcodeSource.bundle; sourceTree = "<group>"; };
		561CE00620A42F1D008E7884 /* QRCodeReaderView.m */ = {isa = PBXFileReference; fileEncoding = 4; lastKnownFileType = sourcecode.c.objc; path = QRCodeReaderView.m; sourceTree = "<group>"; };
		561CE00720A42F1D008E7884 /* GKHScanQCodeViewController.h */ = {isa = PBXFileReference; fileEncoding = 4; lastKnownFileType = sourcecode.c.h; path = GKHScanQCodeViewController.h; sourceTree = "<group>"; };
/* End PBXFileReference section */

/* Begin PBXFrameworksBuildPhase section */
		133F2A531C2CD68F0046E4BA /* Frameworks */ = {
			isa = PBXFrameworksBuildPhase;
			buildActionMask = 2147483647;
			files = (
			);
			runOnlyForDeploymentPostprocessing = 0;
		};
		133F2A6C1C2CD68F0046E4BA /* Frameworks */ = {
			isa = PBXFrameworksBuildPhase;
			buildActionMask = 2147483647;
			files = (
			);
			runOnlyForDeploymentPostprocessing = 0;
		};
		133F2A771C2CD6900046E4BA /* Frameworks */ = {
			isa = PBXFrameworksBuildPhase;
			buildActionMask = 2147483647;
			files = (
			);
			runOnlyForDeploymentPostprocessing = 0;
		};
/* End PBXFrameworksBuildPhase section */

/* Begin PBXGroup section */
		133F2A4D1C2CD68F0046E4BA = {
			isa = PBXGroup;
			children = (
				561CDFED20A42F1D008E7884 /* ProductQRcode */,
				561CE00220A42F1D008E7884 /* ScanQRcode */,
				561CDFE020A42EC4008E7884 /* Supporting Files */,
				561CDFD920A42E6B008E7884 /* Classes */,
				133F2A721C2CD68F0046E4BA /* QRcodeTests */,
				133F2A7D1C2CD6900046E4BA /* QRcodeUITests */,
				133F2A571C2CD68F0046E4BA /* Products */,
			);
			sourceTree = "<group>";
		};
		133F2A571C2CD68F0046E4BA /* Products */ = {
			isa = PBXGroup;
			children = (
				133F2A561C2CD68F0046E4BA /* QRcode.app */,
				133F2A6F1C2CD68F0046E4BA /* QRcodeTests.xctest */,
				133F2A7A1C2CD6900046E4BA /* QRcodeUITests.xctest */,
			);
			name = Products;
			sourceTree = "<group>";
		};
		133F2A721C2CD68F0046E4BA /* QRcodeTests */ = {
			isa = PBXGroup;
			children = (
				133F2A731C2CD68F0046E4BA /* QRcodeTests.m */,
				133F2A751C2CD68F0046E4BA /* Info.plist */,
			);
			path = QRcodeTests;
			sourceTree = "<group>";
		};
		133F2A7D1C2CD6900046E4BA /* QRcodeUITests */ = {
			isa = PBXGroup;
			children = (
				133F2A7E1C2CD6900046E4BA /* QRcodeUITests.m */,
				133F2A801C2CD6900046E4BA /* Info.plist */,
			);
			path = QRcodeUITests;
			sourceTree = "<group>";
		};
		561CDFD920A42E6B008E7884 /* Classes */ = {
			isa = PBXGroup;
			children = (
				561CDFDA20A42E6B008E7884 /* AppDelegate.h */,
				561CDFDC20A42E6B008E7884 /* AppDelegate.m */,
				561CDFDD20A42E6B008E7884 /* ViewController.h */,
				561CDFDB20A42E6B008E7884 /* ViewController.m */,
			);
			name = Classes;
			path = QRcode/Classes;
			sourceTree = "<group>";
		};
		561CDFE020A42EC4008E7884 /* Supporting Files */ = {
			isa = PBXGroup;
			children = (
				561CDFE120A42EC4008E7884 /* Assets.xcassets */,
				561CDFE220A42EC4008E7884 /* LaunchScreen.storyboard */,
				561CDFE420A42EC4008E7884 /* Main.storyboard */,
				561CDFE620A42EC4008E7884 /* main.m */,
				561CDFE720A42EC4008E7884 /* Info.plist */,
			);
			path = "Supporting Files";
			sourceTree = "<group>";
		};
		561CDFED20A42F1D008E7884 /* ProductQRcode */ = {
			isa = PBXGroup;
			children = (
				561CDFEE20A42F1D008E7884 /* CreateCode */,
				561CDFF120A42F1D008E7884 /* gkhPickerImage.m */,
				561CDFF220A42F1D008E7884 /* libqrencode */,
				561CE00120A42F1D008E7884 /* gkhPickerImage.h */,
			);
			path = ProductQRcode;
			sourceTree = "<group>";
		};
		561CDFEE20A42F1D008E7884 /* CreateCode */ = {
			isa = PBXGroup;
			children = (
				561CDFEF20A42F1D008E7884 /* QRCodeGenerator.m */,
				561CDFF020A42F1D008E7884 /* QRCodeGenerator.h */,
			);
			path = CreateCode;
			sourceTree = "<group>";
		};
		561CDFF220A42F1D008E7884 /* libqrencode */ = {
			isa = PBXGroup;
			children = (
				561CDFF320A42F1D008E7884 /* mask.h */,
				561CDFF420A42F1D008E7884 /* qrinput.h */,
				561CDFF520A42F1D008E7884 /* bitstream.c */,
				561CDFF620A42F1D008E7884 /* qrencode.c */,
				561CDFF720A42F1D008E7884 /* qrspec.h */,
				561CDFF820A42F1D008E7884 /* split.c */,
				561CDFF920A42F1D008E7884 /* rscode.h */,
				561CDFFA20A42F1D008E7884 /* qrinput.c */,
				561CDFFB20A42F1D008E7884 /* bitstream.h */,
				561CDFFC20A42F1D008E7884 /* mask.c */,
				561CDFFD20A42F1D008E7884 /* qrspec.c */,
				561CDFFE20A42F1D008E7884 /* qrencode.h */,
				561CDFFF20A42F1D008E7884 /* split.h */,
				561CE00020A42F1D008E7884 /* rscode.c */,
			);
			path = libqrencode;
			sourceTree = "<group>";
		};
		561CE00220A42F1D008E7884 /* ScanQRcode */ = {
			isa = PBXGroup;
			children = (
				561CE00320A42F1D008E7884 /* QRCodeReaderView.h */,
				561CE00420A42F1D008E7884 /* GKHScanQCodeViewController.m */,
				561CE00520A42F1D008E7884 /* QRcodeSource.bundle */,
				561CE00620A42F1D008E7884 /* QRCodeReaderView.m */,
				561CE00720A42F1D008E7884 /* GKHScanQCodeViewController.h */,
			);
			path = ScanQRcode;
			sourceTree = "<group>";
		};
/* End PBXGroup section */

/* Begin PBXNativeTarget section */
		133F2A551C2CD68F0046E4BA /* QRcode */ = {
			isa = PBXNativeTarget;
			buildConfigurationList = 133F2A831C2CD6900046E4BA /* Build configuration list for PBXNativeTarget "QRcode" */;
			buildPhases = (
				133F2A521C2CD68F0046E4BA /* Sources */,
				133F2A531C2CD68F0046E4BA /* Frameworks */,
				133F2A541C2CD68F0046E4BA /* Resources */,
			);
			buildRules = (
			);
			dependencies = (
			);
			name = QRcode;
			productName = QRcode;
			productReference = 133F2A561C2CD68F0046E4BA /* QRcode.app */;
			productType = "com.apple.product-type.application";
		};
		133F2A6E1C2CD68F0046E4BA /* QRcodeTests */ = {
			isa = PBXNativeTarget;
			buildConfigurationList = 133F2A861C2CD6900046E4BA /* Build configuration list for PBXNativeTarget "QRcodeTests" */;
			buildPhases = (
				133F2A6B1C2CD68F0046E4BA /* Sources */,
				133F2A6C1C2CD68F0046E4BA /* Frameworks */,
				133F2A6D1C2CD68F0046E4BA /* Resources */,
			);
			buildRules = (
			);
			dependencies = (
				133F2A711C2CD68F0046E4BA /* PBXTargetDependency */,
			);
			name = QRcodeTests;
			productName = QRcodeTests;
			productReference = 133F2A6F1C2CD68F0046E4BA /* QRcodeTests.xctest */;
			productType = "com.apple.product-type.bundle.unit-test";
		};
		133F2A791C2CD6900046E4BA /* QRcodeUITests */ = {
			isa = PBXNativeTarget;
			buildConfigurationList = 133F2A891C2CD6900046E4BA /* Build configuration list for PBXNativeTarget "QRcodeUITests" */;
			buildPhases = (
				133F2A761C2CD6900046E4BA /* Sources */,
				133F2A771C2CD6900046E4BA /* Frameworks */,
				133F2A781C2CD6900046E4BA /* Resources */,
			);
			buildRules = (
			);
			dependencies = (
				133F2A7C1C2CD6900046E4BA /* PBXTargetDependency */,
			);
			name = QRcodeUITests;
			productName = QRcodeUITests;
			productReference = 133F2A7A1C2CD6900046E4BA /* QRcodeUITests.xctest */;
			productType = "com.apple.product-type.bundle.ui-testing";
		};
/* End PBXNativeTarget section */

/* Begin PBXProject section */
		133F2A4E1C2CD68F0046E4BA /* Project object */ = {
			isa = PBXProject;
			attributes = {
				LastUpgradeCheck = 0720;
				ORGANIZATIONNAME = GKH;
				TargetAttributes = {
					133F2A551C2CD68F0046E4BA = {
						CreatedOnToolsVersion = 7.2;
						DevelopmentTeam = PN6RFD28L4;
						ProvisioningStyle = Manual;
					};
					133F2A6E1C2CD68F0046E4BA = {
						CreatedOnToolsVersion = 7.2;
						TestTargetID = 133F2A551C2CD68F0046E4BA;
					};
					133F2A791C2CD6900046E4BA = {
						CreatedOnToolsVersion = 7.2;
						TestTargetID = 133F2A551C2CD68F0046E4BA;
					};
				};
			};
			buildConfigurationList = 133F2A511C2CD68F0046E4BA /* Build configuration list for PBXProject "QRcode" */;
			compatibilityVersion = "Xcode 3.2";
			developmentRegion = English;
			hasScannedForEncodings = 0;
			knownRegions = (
				en,
				Base,
			);
			mainGroup = 133F2A4D1C2CD68F0046E4BA;
			productRefGroup = 133F2A571C2CD68F0046E4BA /* Products */;
			projectDirPath = "";
			projectRoot = "";
			targets = (
				133F2A551C2CD68F0046E4BA /* QRcode */,
				133F2A6E1C2CD68F0046E4BA /* QRcodeTests */,
				133F2A791C2CD6900046E4BA /* QRcodeUITests */,
			);
		};
/* End PBXProject section */

/* Begin PBXResourcesBuildPhase section */
		133F2A541C2CD68F0046E4BA /* Resources */ = {
			isa = PBXResourcesBuildPhase;
			buildActionMask = 2147483647;
			files = (
				561CDFE920A42EC4008E7884 /* LaunchScreen.storyboard in Resources */,
				561CDFE820A42EC4008E7884 /* Assets.xcassets in Resources */,
				561CDFEC20A42EC4008E7884 /* Info.plist in Resources */,
				561CE01220A42F1D008E7884 /* QRcodeSource.bundle in Resources */,
				561CDFEA20A42EC4008E7884 /* Main.storyboard in Resources */,
			);
			runOnlyForDeploymentPostprocessing = 0;
		};
		133F2A6D1C2CD68F0046E4BA /* Resources */ = {
			isa = PBXResourcesBuildPhase;
			buildActionMask = 2147483647;
			files = (
			);
			runOnlyForDeploymentPostprocessing = 0;
		};
		133F2A781C2CD6900046E4BA /* Resources */ = {
			isa = PBXResourcesBuildPhase;
			buildActionMask = 2147483647;
			files = (
			);
			runOnlyForDeploymentPostprocessing = 0;
		};
/* End PBXResourcesBuildPhase section */

/* Begin PBXSourcesBuildPhase section */
		133F2A521C2CD68F0046E4BA /* Sources */ = {
			isa = PBXSourcesBuildPhase;
			buildActionMask = 2147483647;
			files = (
				561CDFDE20A42E6B008E7884 /* ViewController.m in Sources */,
				561CE01320A42F1D008E7884 /* QRCodeReaderView.m in Sources */,
				561CE01120A42F1D008E7884 /* GKHScanQCodeViewController.m in Sources */,
				561CE01020A42F1D008E7884 /* rscode.c in Sources */,
				561CE00A20A42F1D008E7884 /* bitstream.c in Sources */,
				561CE00920A42F1D008E7884 /* gkhPickerImage.m in Sources */,
				561CE00820A42F1D008E7884 /* QRCodeGenerator.m in Sources */,
				561CE00F20A42F1D008E7884 /* qrspec.c in Sources */,
				561CE00C20A42F1D008E7884 /* split.c in Sources */,
				561CE00E20A42F1D008E7884 /* mask.c in Sources */,
				561CE00D20A42F1D008E7884 /* qrinput.c in Sources */,
				561CE00B20A42F1D008E7884 /* qrencode.c in Sources */,
				561CDFDF20A42E6B008E7884 /* AppDelegate.m in Sources */,
				561CDFEB20A42EC4008E7884 /* main.m in Sources */,
			);
			runOnlyForDeploymentPostprocessing = 0;
		};
		133F2A6B1C2CD68F0046E4BA /* Sources */ = {
			isa = PBXSourcesBuildPhase;
			buildActionMask = 2147483647;
			files = (
				133F2A741C2CD68F0046E4BA /* QRcodeTests.m in Sources */,
			);
			runOnlyForDeploymentPostprocessing = 0;
		};
		133F2A761C2CD6900046E4BA /* Sources */ = {
			isa = PBXSourcesBuildPhase;
			buildActionMask = 2147483647;
			files = (
				133F2A7F1C2CD6900046E4BA /* QRcodeUITests.m in Sources */,
			);
			runOnlyForDeploymentPostprocessing = 0;
		};
/* End PBXSourcesBuildPhase section */

/* Begin PBXTargetDependency section */
		133F2A711C2CD68F0046E4BA /* PBXTargetDependency */ = {
			isa = PBXTargetDependency;
			target = 133F2A551C2CD68F0046E4BA /* QRcode */;
			targetProxy = 133F2A701C2CD68F0046E4BA /* PBXContainerItemProxy */;
		};
		133F2A7C1C2CD6900046E4BA /* PBXTargetDependency */ = {
			isa = PBXTargetDependency;
			target = 133F2A551C2CD68F0046E4BA /* QRcode */;
			targetProxy = 133F2A7B1C2CD6900046E4BA /* PBXContainerItemProxy */;
		};
/* End PBXTargetDependency section */

/* Begin PBXVariantGroup section */
		561CDFE220A42EC4008E7884 /* LaunchScreen.storyboard */ = {
			isa = PBXVariantGroup;
			children = (
				561CDFE320A42EC4008E7884 /* Base */,
			);
			name = LaunchScreen.storyboard;
			sourceTree = "<group>";
		};
		561CDFE420A42EC4008E7884 /* Main.storyboard */ = {
			isa = PBXVariantGroup;
			children = (
				561CDFE520A42EC4008E7884 /* Base */,
			);
			name = Main.storyboard;
			sourceTree = "<group>";
		};
/* End PBXVariantGroup section */

/* Begin XCBuildConfiguration section */
		133F2A811C2CD6900046E4BA /* Debug */ = {
			isa = XCBuildConfiguration;
			buildSettings = {
				ALWAYS_SEARCH_USER_PATHS = NO;
				CLANG_CXX_LANGUAGE_STANDARD = "gnu++0x";
				CLANG_CXX_LIBRARY = "libc++";
				CLANG_ENABLE_MODULES = YES;
				CLANG_ENABLE_OBJC_ARC = YES;
				CLANG_WARN_BOOL_CONVERSION = YES;
				CLANG_WARN_CONSTANT_CONVERSION = YES;
				CLANG_WARN_DIRECT_OBJC_ISA_USAGE = YES_ERROR;
				CLANG_WARN_EMPTY_BODY = YES;
				CLANG_WARN_ENUM_CONVERSION = YES;
				CLANG_WARN_INT_CONVERSION = YES;
				CLANG_WARN_OBJC_ROOT_CLASS = YES_ERROR;
				CLANG_WARN_UNREACHABLE_CODE = YES;
				CLANG_WARN__DUPLICATE_METHOD_MATCH = YES;
				"CODE_SIGN_IDENTITY[sdk=iphoneos*]" = "iPhone Developer";
				COPY_PHASE_STRIP = NO;
				DEBUG_INFORMATION_FORMAT = dwarf;
				ENABLE_STRICT_OBJC_MSGSEND = YES;
				ENABLE_TESTABILITY = YES;
				GCC_C_LANGUAGE_STANDARD = gnu99;
				GCC_DYNAMIC_NO_PIC = NO;
				GCC_NO_COMMON_BLOCKS = YES;
				GCC_OPTIMIZATION_LEVEL = 0;
				GCC_PREPROCESSOR_DEFINITIONS = (
					"DEBUG=1",
					"$(inherited)",
				);
				GCC_WARN_64_TO_32_BIT_CONVERSION = YES;
				GCC_WARN_ABOUT_RETURN_TYPE = YES_ERROR;
				GCC_WARN_UNDECLARED_SELECTOR = YES;
				GCC_WARN_UNINITIALIZED_AUTOS = YES_AGGRESSIVE;
				GCC_WARN_UNUSED_FUNCTION = YES;
				GCC_WARN_UNUSED_VARIABLE = YES;
				IPHONEOS_DEPLOYMENT_TARGET = 9.2;
				MTL_ENABLE_DEBUG_INFO = YES;
				ONLY_ACTIVE_ARCH = YES;
				SDKROOT = iphoneos;
				TARGETED_DEVICE_FAMILY = "1,2";
			};
			name = Debug;
		};
		133F2A821C2CD6900046E4BA /* Release */ = {
			isa = XCBuildConfiguration;
			buildSettings = {
				ALWAYS_SEARCH_USER_PATHS = NO;
				CLANG_CXX_LANGUAGE_STANDARD = "gnu++0x";
				CLANG_CXX_LIBRARY = "libc++";
				CLANG_ENABLE_MODULES = YES;
				CLANG_ENABLE_OBJC_ARC = YES;
				CLANG_WARN_BOOL_CONVERSION = YES;
				CLANG_WARN_CONSTANT_CONVERSION = YES;
				CLANG_WARN_DIRECT_OBJC_ISA_USAGE = YES_ERROR;
				CLANG_WARN_EMPTY_BODY = YES;
				CLANG_WARN_ENUM_CONVERSION = YES;
				CLANG_WARN_INT_CONVERSION = YES;
				CLANG_WARN_OBJC_ROOT_CLASS = YES_ERROR;
				CLANG_WARN_UNREACHABLE_CODE = YES;
				CLANG_WARN__DUPLICATE_METHOD_MATCH = YES;
				"CODE_SIGN_IDENTITY[sdk=iphoneos*]" = "iPhone Developer";
				COPY_PHASE_STRIP = NO;
				DEBUG_INFORMATION_FORMAT = "dwarf-with-dsym";
				ENABLE_NS_ASSERTIONS = NO;
				ENABLE_STRICT_OBJC_MSGSEND = YES;
				GCC_C_LANGUAGE_STANDARD = gnu99;
				GCC_NO_COMMON_BLOCKS = YES;
				GCC_WARN_64_TO_32_BIT_CONVERSION = YES;
				GCC_WARN_ABOUT_RETURN_TYPE = YES_ERROR;
				GCC_WARN_UNDECLARED_SELECTOR = YES;
				GCC_WARN_UNINITIALIZED_AUTOS = YES_AGGRESSIVE;
				GCC_WARN_UNUSED_FUNCTION = YES;
				GCC_WARN_UNUSED_VARIABLE = YES;
				IPHONEOS_DEPLOYMENT_TARGET = 9.2;
				MTL_ENABLE_DEBUG_INFO = NO;
				SDKROOT = iphoneos;
				TARGETED_DEVICE_FAMILY = "1,2";
				VALIDATE_PRODUCT = YES;
			};
			name = Release;
		};
		133F2A841C2CD6900046E4BA /* Debug */ = {
			isa = XCBuildConfiguration;
			buildSettings = {
				ASSETCATALOG_COMPILER_APPICON_NAME = AppIcon;
				CODE_SIGN_STYLE = Manual;
				DEVELOPMENT_TEAM = PN6RFD28L4;
				INFOPLIST_FILE = "$(PROJECT_DIR)/Supporting Files/Info.plist";
				IPHONEOS_DEPLOYMENT_TARGET = 8.1;
				LD_RUNPATH_SEARCH_PATHS = "$(inherited) @executable_path/Frameworks";
				PRODUCT_BUNDLE_IDENTIFIER = xynet.QRcode;
				PRODUCT_NAME = "$(TARGET_NAME)";
				PROVISIONING_PROFILE = "2f28e153-a0d8-44a8-8cec-a8a039d2ae7d";
				PROVISIONING_PROFILE_SPECIFIER = AllBunldIDDevelopmentProfile;
			};
			name = Debug;
		};
		133F2A851C2CD6900046E4BA /* Release */ = {
			isa = XCBuildConfiguration;
			buildSettings = {
				ASSETCATALOG_COMPILER_APPICON_NAME = AppIcon;
				CODE_SIGN_STYLE = Manual;
				DEVELOPMENT_TEAM = PN6RFD28L4;
				INFOPLIST_FILE = "$(PROJECT_DIR)/Supporting Files/Info.plist";
				IPHONEOS_DEPLOYMENT_TARGET = 8.1;
				LD_RUNPATH_SEARCH_PATHS = "$(inherited) @executable_path/Frameworks";
				PRODUCT_BUNDLE_IDENTIFIER = xynet.QRcode;
				PRODUCT_NAME = "$(TARGET_NAME)";
				PROVISIONING_PROFILE = "2f28e153-a0d8-44a8-8cec-a8a039d2ae7d";
				PROVISIONING_PROFILE_SPECIFIER = AllBunldIDDevelopmentProfile;
			};
			name = Release;
		};
		133F2A871C2CD6900046E4BA /* Debug */ = {
			isa = XCBuildConfiguration;
			buildSettings = {
				BUNDLE_LOADER = "$(TEST_HOST)";
				INFOPLIST_FILE = QRcodeTests/Info.plist;
				LD_RUNPATH_SEARCH_PATHS = "$(inherited) @executable_path/Frameworks @loader_path/Frameworks";
				PRODUCT_BUNDLE_IDENTIFIER = xynet.QRcodeTests;
				PRODUCT_NAME = "$(TARGET_NAME)";
				TEST_HOST = "$(BUILT_PRODUCTS_DIR)/QRcode.app/QRcode";
			};
			name = Debug;
		};
		133F2A881C2CD6900046E4BA /* Release */ = {
			isa = XCBuildConfiguration;
			buildSettings = {
				BUNDLE_LOADER = "$(TEST_HOST)";
				INFOPLIST_FILE = QRcodeTests/Info.plist;
				LD_RUNPATH_SEARCH_PATHS = "$(inherited) @executable_path/Frameworks @loader_path/Frameworks";
				PRODUCT_BUNDLE_IDENTIFIER = xynet.QRcodeTests;
				PRODUCT_NAME = "$(TARGET_NAME)";
				TEST_HOST = "$(BUILT_PRODUCTS_DIR)/QRcode.app/QRcode";
			};
			name = Release;
		};
		133F2A8A1C2CD6900046E4BA /* Debug */ = {
			isa = XCBuildConfiguration;
			buildSettings = {
				INFOPLIST_FILE = QRcodeUITests/Info.plist;
				LD_RUNPATH_SEARCH_PATHS = "$(inherited) @executable_path/Frameworks @loader_path/Frameworks";
				PRODUCT_BUNDLE_IDENTIFIER = xynet.QRcodeUITests;
				PRODUCT_NAME = "$(TARGET_NAME)";
				TEST_TARGET_NAME = QRcode;
				USES_XCTRUNNER = YES;
			};
			name = Debug;
		};
		133F2A8B1C2CD6900046E4BA /* Release */ = {
			isa = XCBuildConfiguration;
			buildSettings = {
				INFOPLIST_FILE = QRcodeUITests/Info.plist;
				LD_RUNPATH_SEARCH_PATHS = "$(inherited) @executable_path/Frameworks @loader_path/Frameworks";
				PRODUCT_BUNDLE_IDENTIFIER = xynet.QRcodeUITests;
				PRODUCT_NAME = "$(TARGET_NAME)";
				TEST_TARGET_NAME = QRcode;
				USES_XCTRUNNER = YES;
			};
			name = Release;
		};
/* End XCBuildConfiguration section */

/* Begin XCConfigurationList section */
		133F2A511C2CD68F0046E4BA /* Build configuration list for PBXProject "QRcode" */ = {
			isa = XCConfigurationList;
			buildConfigurations = (
				133F2A811C2CD6900046E4BA /* Debug */,
				133F2A821C2CD6900046E4BA /* Release */,
			);
			defaultConfigurationIsVisible = 0;
			defaultConfigurationName = Release;
		};
		133F2A831C2CD6900046E4BA /* Build configuration list for PBXNativeTarget "QRcode" */ = {
			isa = XCConfigurationList;
			buildConfigurations = (
				133F2A841C2CD6900046E4BA /* Debug */,
				133F2A851C2CD6900046E4BA /* Release */,
			);
			defaultConfigurationIsVisible = 0;
			defaultConfigurationName = Release;
		};
		133F2A861C2CD6900046E4BA /* Build configuration list for PBXNativeTarget "QRcodeTests" */ = {
			isa = XCConfigurationList;
			buildConfigurations = (
				133F2A871C2CD6900046E4BA /* Debug */,
				133F2A881C2CD6900046E4BA /* Release */,
			);
			defaultConfigurationIsVisible = 0;
			defaultConfigurationName = Release;
		};
		133F2A891C2CD6900046E4BA /* Build configuration list for PBXNativeTarget "QRcodeUITests" */ = {
			isa = XCConfigurationList;
			buildConfigurations = (
				133F2A8A1C2CD6900046E4BA /* Debug */,
				133F2A8B1C2CD6900046E4BA /* Release */,
			);
			defaultConfigurationIsVisible = 0;
			defaultConfigurationName = Release;
		};
/* End XCConfigurationList section */
	};
	rootObject = 133F2A4E1C2CD68F0046E4BA /* Project object */;
}
